Microsoft Visual Studio Solution File, Format Version 12.00
# Visual Studio Version 16
VisualStudioVersion = 16.0.29806.167
MinimumVisualStudioVersion = 10.0.40219.1
Project("{FAE04EC0-301F-11D3-BF4B-00C04F79EFBC}") = "Groundsman.Android", "Groundsman.Android\Groundsman.Android.csproj", "{655C4E54-831D-4530-9D22-20C6F3D6728A}"
EndProject
Project("{FAE04EC0-301F-11D3-BF4B-00C04F79EFBC}") = "Groundsman.iOS", "Groundsman.iOS\Groundsman.iOS.csproj", "{55B2F743-D498-4193-B605-A8B6540A74D5}"
EndProject
Project("{FAE04EC0-301F-11D3-BF4B-00C04F79EFBC}") = "Groundsman", "Groundsman\Groundsman.csproj", "{B3D87493-1DCF-4840-A1AE-AE73CDB618B0}"
EndProject
Project("{9344BDBB-3E7F-41FC-A0DD-8665D75EE146}") = "Groundsman.Tests", "Groundsman.Tests\Groundsman.Tests.csproj", "{CB3C4402-9804-4CF2-8E5C-4E7B0182A5A7}"
EndProject
Project("{2150E333-8FDC-42A3-9474-1A3956D46DE8}") = "Solution Items", "Solution Items", "{A34D1148-9275-4A21-969A-5355DBB52F26}"
	ProjectSection(SolutionItems) = preProject
		.editorconfig = .editorconfig
	EndProjectSection
EndProject
Global
	GlobalSection(SolutionConfigurationPlatforms) = preSolution
		Debug|Any CPU = Debug|Any CPU
		Debug|iPhone = Debug|iPhone
		Debug|iPhoneSimulator = Debug|iPhoneSimulator
		Release|Any CPU = Release|Any CPU
		Release|iPhone = Release|iPhone
		Release|iPhoneSimulator = Release|iPhoneSimulator
	EndGlobalSection
	GlobalSection(ProjectConfigurationPlatforms) = postSolution
		{655C4E54-831D-4530-9D22-20C6F3D6728A}.Debug|Any CPU.ActiveCfg = Debug|Any CPU
		{655C4E54-831D-4530-9D22-20C6F3D6728A}.Debug|Any CPU.Build.0 = Debug|Any CPU
		{655C4E54-831D-4530-9D22-20C6F3D6728A}.Debug|Any CPU.Deploy.0 = Debug|Any CPU
		{655C4E54-831D-4530-9D22-20C6F3D6728A}.Debug|iPhone.ActiveCfg = Debug|Any CPU
		{655C4E54-831D-4530-9D22-20C6F3D6728A}.Debug|iPhone.Build.0 = Debug|Any CPU
		{655C4E54-831D-4530-9D22-20C6F3D6728A}.Debug|iPhone.Deploy.0 = Debug|Any CPU
		{655C4E54-831D-4530-9D22-20C6F3D6728A}.Debug|iPhoneSimulator.ActiveCfg = Debug|Any CPU
		{655C4E54-831D-4530-9D22-20C6F3D6728A}.Debug|iPhoneSimulator.Build.0 = Debug|Any CPU
		{655C4E54-831D-4530-9D22-20C6F3D6728A}.Debug|iPhoneSimulator.Deploy.0 = Debug|Any CPU
		{655C4E54-831D-4530-9D22-20C6F3D6728A}.Release|Any CPU.ActiveCfg = Release|Any CPU
		{655C4E54-831D-4530-9D22-20C6F3D6728A}.Release|Any CPU.Build.0 = Release|Any CPU
		{655C4E54-831D-4530-9D22-20C6F3D6728A}.Release|iPhone.ActiveCfg = Release|Any CPU
		{655C4E54-831D-4530-9D22-20C6F3D6728A}.Release|iPhone.Build.0 = Release|Any CPU
		{655C4E54-831D-4530-9D22-20C6F3D6728A}.Release|iPhone.Deploy.0 = Release|Any CPU
		{655C4E54-831D-4530-9D22-20C6F3D6728A}.Release|iPhoneSimulator.ActiveCfg = Release|Any CPU
		{655C4E54-831D-4530-9D22-20C6F3D6728A}.Release|iPhoneSimulator.Build.0 = Release|Any CPU
		{55B2F743-D498-4193-B605-A8B6540A74D5}.Debug|Any CPU.ActiveCfg = Debug|iPhoneSimulator
		{55B2F743-D498-4193-B605-A8B6540A74D5}.Debug|Any CPU.Build.0 = Debug|iPhoneSimulator
		{55B2F743-D498-4193-B605-A8B6540A74D5}.Debug|iPhone.ActiveCfg = Debug|iPhone
		{55B2F743-D498-4193-B605-A8B6540A74D5}.Debug|iPhone.Build.0 = Debug|iPhone
		{55B2F743-D498-4193-B605-A8B6540A74D5}.Debug|iPhone.Deploy.0 = Debug|iPhone
		{55B2F743-D498-4193-B605-A8B6540A74D5}.Debug|iPhoneSimulator.ActiveCfg = Debug|iPhoneSimulator
		{55B2F743-D498-4193-B605-A8B6540A74D5}.Debug|iPhoneSimulator.Build.0 = Debug|iPhoneSimulator
		{55B2F743-D498-4193-B605-A8B6540A74D5}.Release|Any CPU.ActiveCfg = Release|iPhoneSimulator
		{55B2F743-D498-4193-B605-A8B6540A74D5}.Release|Any CPU.Build.0 = Release|iPhoneSimulator
		{55B2F743-D498-4193-B605-A8B6540A74D5}.Release|iPhone.ActiveCfg = Release|iPhone
		{55B2F743-D498-4193-B605-A8B6540A74D5}.Release|iPhone.Build.0 = Release|iPhone
		{55B2F743-D498-4193-B605-A8B6540A74D5}.Release|iPhone.Deploy.0 = Release|iPhone
		{55B2F743-D498-4193-B605-A8B6540A74D5}.Release|iPhoneSimulator.ActiveCfg = Release|iPhoneSimulator
		{55B2F743-D498-4193-B605-A8B6540A74D5}.Release|iPhoneSimulator.Build.0 = Release|iPhoneSimulator
		{B3D87493-1DCF-4840-A1AE-AE73CDB618B0}.Debug|Any CPU.ActiveCfg = Debug|Any CPU
		{B3D87493-1DCF-4840-A1AE-AE73CDB618B0}.Debug|Any CPU.Build.0 = Debug|Any CPU
		{B3D87493-1DCF-4840-A1AE-AE73CDB618B0}.Debug|iPhone.ActiveCfg = Debug|Any CPU
		{B3D87493-1DCF-4840-A1AE-AE73CDB618B0}.Debug|iPhone.Build.0 = Debug|Any CPU
		{B3D87493-1DCF-4840-A1AE-AE73CDB618B0}.Debug|iPhoneSimulator.ActiveCfg = Debug|Any CPU
		{B3D87493-1DCF-4840-A1AE-AE73CDB618B0}.Debug|iPhoneSimulator.Build.0 = Debug|Any CPU
		{B3D87493-1DCF-4840-A1AE-AE73CDB618B0}.Release|Any CPU.ActiveCfg = Release|Any CPU
		{B3D87493-1DCF-4840-A1AE-AE73CDB618B0}.Release|Any CPU.Build.0 = Release|Any CPU
		{B3D87493-1DCF-4840-A1AE-AE73CDB618B0}.Release|iPhone.ActiveCfg = Release|Any CPU
		{B3D87493-1DCF-4840-A1AE-AE73CDB618B0}.Release|iPhone.Build.0 = Release|Any CPU
		{B3D87493-1DCF-4840-A1AE-AE73CDB618B0}.Release|iPhoneSimulator.ActiveCfg = Release|Any CPU
		{B3D87493-1DCF-4840-A1AE-AE73CDB618B0}.Release|iPhoneSimulator.Build.0 = Release|Any CPU
		{CB3C4402-9804-4CF2-8E5C-4E7B0182A5A7}.Debug|Any CPU.ActiveCfg = Debug|Any CPU
		{CB3C4402-9804-4CF2-8E5C-4E7B0182A5A7}.Debug|Any CPU.Build.0 = Debug|Any CPU
		{CB3C4402-9804-4CF2-8E5C-4E7B0182A5A7}.Debug|iPhone.ActiveCfg = Debug|Any CPU
		{CB3C4402-9804-4CF2-8E5C-4E7B0182A5A7}.Debug|iPhone.Build.0 = Debug|Any CPU
		{CB3C4402-9804-4CF2-8E5C-4E7B0182A5A7}.Debug|iPhoneSimulator.ActiveCfg = Debug|Any CPU
		{CB3C4402-9804-4CF2-8E5C-4E7B0182A5A7}.Debug|iPhoneSimulator.Build.0 = Debug|Any CPU
		{CB3C4402-9804-4CF2-8E5C-4E7B0182A5A7}.Release|Any CPU.ActiveCfg = Release|Any CPU
		{CB3C4402-9804-4CF2-8E5C-4E7B0182A5A7}.Release|Any CPU.Build.0 = Release|Any CPU
		{CB3C4402-9804-4CF2-8E5C-4E7B0182A5A7}.Release|iPhone.ActiveCfg = Release|Any CPU
		{CB3C4402-9804-4CF2-8E5C-4E7B0182A5A7}.Release|iPhone.Build.0 = Release|Any CPU
		{CB3C4402-9804-4CF2-8E5C-4E7B0182A5A7}.Release|iPhoneSimulator.ActiveCfg = Release|Any CPU
		{CB3C4402-9804-4CF2-8E5C-4E7B0182A5A7}.Release|iPhoneSimulator.Build.0 = Release|Any CPU
	EndGlobalSection
	GlobalSection(SolutionProperties) = preSolution
		HideSolutionNode = FALSE
	EndGlobalSection
	GlobalSection(ExtensibilityGlobals) = postSolution
		SolutionGuid = {371188F7-3D0C-4DEB-A55B-EC70669CE698}
	EndGlobalSection
EndGlobal
